
Microsoft Visual Studio Solution File, Format Version 12.00
# Visual Studio Version 17
VisualStudioVersion = 17.9.34607.119
MinimumVisualStudioVersion = 10.0.40219.1
Project("{FAE04EC0-301F-11D3-BF4B-00C04F79EFBC}") = "GenericTypes", "GenericTypes\GenericTypes.csproj", "{AF44F0AB-6B2A-4A0A-BEC2-0C52D9488A8E}"
EndProject
Global
	GlobalSection(SolutionConfigurationPlatforms) = preSolution
		Debug|Any CPU = Debug|Any CPU
		Release|Any CPU = Release|Any CPU
	EndGlobalSection
	GlobalSection(ProjectConfigurationPlatforms) = postSolution
		{AF44F0AB-6B2A-4A0A-BEC2-0C52D9488A8E}.Debug|Any CPU.ActiveCfg = Debug|Any CPU
		{AF44F0AB-6B2A-4A0A-BEC2-0C52D9488A8E}.Debug|Any CPU.Build.0 = Debug|Any CPU
		{AF44F0AB-6B2A-4A0A-BEC2-0C52D9488A8E}.Release|Any CPU.ActiveCfg = Release|Any CPU
		{AF44F0AB-6B2A-4A0A-BEC2-0C52D9488A8E}.Release|Any CPU.Build.0 = Release|Any CPU
	EndGlobalSection
	GlobalSection(SolutionProperties) = preSolution
		HideSolutionNode = FALSE
	EndGlobalSection
	GlobalSection(ExtensibilityGlobals) = postSolution
		SolutionGuid = {7245E7E6-BEA1-44D3-984E-1D0168E9FA94}
	EndGlobalSection
EndGlobal
